<?xml version="1.0" encoding="utf-8"?>
<Project ToolsVersion="4.0" xmlns="http://schemas.microsoft.com/developer/msbuild/2003">
  <ItemGroup>
    <Filter Include="Source Files">
      <UniqueIdentifier>{4FC737F1-C7A5-4376-A066-2A32D752A2FF}</UniqueIdentifier>
      <Extensions>cpp;c;cc;cxx;c++;def;odl;idl;hpj;bat;asm;asmx</Extensions>
    </Filter>
    <Filter Include="Header Files">
      <UniqueIdentifier>{93995380-89BD-4b04-88EB-625FBE52EBFB}</UniqueIdentifier>
      <Extensions>h;hh;hpp;hxx;h++;hm;inl;inc;ipp;xsd</Extensions>
    </Filter>
    <Filter Include="Resource Files">
      <UniqueIdentifier>{67DA6AB6-F800-4c08-8B7A-83BB121AAD01}</UniqueIdentifier>
      <Extensions>rc;ico;cur;bmp;dlg;rc2;rct;bin;rgs;gif;jpg;jpeg;jpe;resx;tiff;tif;png;wav;mfcribbon-ms</Extensions>
    </Filter>
    <Filter Include="Header Files\vkg">
      <UniqueIdentifier>{7d6c4984-b9f9-4be0-b07e-acba7809a550}</UniqueIdentifier>
    </Filter>
    <Filter Include="Header Files\tools">
      <UniqueIdentifier>{824bc77b-f628-4cf7-8f87-0283f1b22322}</UniqueIdentifier>
    </Filter>
    <Filter Include="Header Files\Fibers">
      <UniqueIdentifier>{fe2f6f12-e1c4-4849-9fa5-ccd188d6f4a1}</UniqueIdentifier>
    </Filter>
  </ItemGroup>
  <ItemGroup>
    <ClCompile Include="src\main.cpp">
      <Filter>Source Files</Filter>
    </ClCompile>
    <ClCompile Include="src\Engine.cpp">
      <Filter>Source Files</Filter>
    </ClCompile>
    <ClCompile Include="src\graphics\Window.cpp">
      <Filter>Source Files</Filter>
    </ClCompile>
    <ClCompile Include="src\graphics\DebugVk.cpp">
      <Filter>Source Files</Filter>
    </ClCompile>
    <ClCompile Include="src\graphics\AppInstance.cpp">
      <Filter>Source Files</Filter>
    </ClCompile>
    <ClCompile Include="src\graphics\DeviceComp.cpp">
      <Filter>Source Files</Filter>
    </ClCompile>
    <ClCompile Include="src\utils\vk_mem_alloc.cpp">
      <Filter>Source Files</Filter>
    </ClCompile>
    <ClCompile Include="src\graphics\memory\MemoryManager.cpp">
      <Filter>Source Files</Filter>
    </ClCompile>
    <ClCompile Include="src\graphics\present\SwapChain.cpp">
      <Filter>Source Files</Filter>
    </ClCompile>
    <ClCompile Include="src\graphics\command\CommandPool.cpp">
      <Filter>Source Files</Filter>
    </ClCompile>
    <ClCompile Include="src\graphics\resources\Image2D.cpp">
      <Filter>Source Files</Filter>
    </ClCompile>
    <ClCompile Include="src\graphics\resources\Image.cpp">
      <Filter>Source Files</Filter>
    </ClCompile>
    <ClCompile Include="src\graphics\render\RenderPass.cpp">
      <Filter>Source Files</Filter>
    </ClCompile>
    <ClCompile Include="src\graphics\render\RenderPassBuilder.cpp">
      <Filter>Source Files</Filter>
    </ClCompile>
    <ClCompile Include="src\utils\FsTools.cpp">
      <Filter>Source Files</Filter>
    </ClCompile>
    <ClCompile Include="src\graphics\Context.cpp">
      <Filter>Source Files</Filter>
    </ClCompile>
    <ClCompile Include="src\utils\Fibers\FScheduler.cpp">
      <Filter>Source Files</Filter>
    </ClCompile>
    <ClCompile Include="src\utils\Fibers\Fiber.cpp">
      <Filter>Source Files</Filter>
    </ClCompile>
  </ItemGroup>
  <ItemGroup>
    <ClInclude Include="src\Engine.h">
      <Filter>Header Files</Filter>
    </ClInclude>
    <ClInclude Include="src\graphics\Context.h">
      <Filter>Header Files\vkg</Filter>
    </ClInclude>
    <ClInclude Include="src\graphics\AppInstance.h">
      <Filter>Header Files\vkg</Filter>
    </ClInclude>
    <ClInclude Include="src\graphics\command\CommandPool.h">
      <Filter>Header Files\vkg</Filter>
    </ClInclude>
    <ClInclude Include="src\graphics\DebugVk.h">
      <Filter>Header Files\vkg</Filter>
    </ClInclude>
    <ClInclude Include="src\graphics\DeviceComp.h">
      <Filter>Header Files\vkg</Filter>
    </ClInclude>
    <ClInclude Include="src\graphics\Window.h">
      <Filter>Header Files\vkg</Filter>
    </ClInclude>
    <ClInclude Include="src\graphics\resources\Image.h">
      <Filter>Header Files\vkg</Filter>
    </ClInclude>
    <ClInclude Include="src\graphics\resources\Image2D.h">
      <Filter>Header Files\vkg</Filter>
    </ClInclude>
    <ClInclude Include="src\graphics\memory\MemoryManager.h">
      <Filter>Header Files\vkg</Filter>
    </ClInclude>
    <ClInclude Include="src\graphics\render\RenderPass.h">
      <Filter>Header Files\vkg</Filter>
    </ClInclude>
    <ClInclude Include="src\graphics\render\RenderPassBuilder.h">
      <Filter>Header Files\vkg</Filter>
    </ClInclude>
    <ClInclude Include="src\graphics\present\SwapChain.h">
      <Filter>Header Files\vkg</Filter>
    </ClInclude>
    <ClInclude Include="src\utils\FsTools.h">
      <Filter>Header Files\tools</Filter>
    </ClInclude>
    <ClInclude Include="src\utils\Fibers\FScheduler.h">
      <Filter>Header Files\Fibers</Filter>
    </ClInclude>
    <ClInclude Include="src\utils\ConstExprHelp.h">
      <Filter>Header Files</Filter>
    </ClInclude>
    <ClInclude Include="src\utils\Fibers\Fiber.h">
      <Filter>Header Files\Fibers</Filter>
    </ClInclude>
    <ClInclude Include="src\utils\Fibers\Job.h">
      <Filter>Header Files\Fibers</Filter>
    </ClInclude>
  </ItemGroup>
</Project>