<?xml version="1.0" encoding="utf-8"?>
<Project ToolsVersion="4.0" xmlns="http://schemas.microsoft.com/developer/msbuild/2003">
  <ItemGroup>
    <Filter Include="Source Files">
      <UniqueIdentifier>{4FC737F1-C7A5-4376-A066-2A32D752A2FF}</UniqueIdentifier>
      <Extensions>cpp;c;cc;cxx;c++;def;odl;idl;hpj;bat;asm;asmx</Extensions>
    </Filter>
    <Filter Include="Header Files">
      <UniqueIdentifier>{93995380-89BD-4b04-88EB-625FBE52EBFB}</UniqueIdentifier>
      <Extensions>h;hh;hpp;hxx;h++;hm;inl;inc;ipp;xsd</Extensions>
    </Filter>
    <Filter Include="Resource Files">
      <UniqueIdentifier>{67DA6AB6-F800-4c08-8B7A-83BB121AAD01}</UniqueIdentifier>
      <Extensions>rc;ico;cur;bmp;dlg;rc2;rct;bin;rgs;gif;jpg;jpeg;jpe;resx;tiff;tif;png;wav;mfcribbon-ms</Extensions>
    </Filter>
    <Filter Include="Header Files\vkg">
      <UniqueIdentifier>{7d6c4984-b9f9-4be0-b07e-acba7809a550}</UniqueIdentifier>
    </Filter>
    <Filter Include="Header Files\tools">
      <UniqueIdentifier>{824bc77b-f628-4cf7-8f87-0283f1b22322}</UniqueIdentifier>
    </Filter>
    <Filter Include="Header Files\grjob">
      <UniqueIdentifier>{f40ab6d3-33b7-4df1-9cad-03877551736d}</UniqueIdentifier>
    </Filter>
    <Filter Include="Header Files\grjob\Fibers">
      <UniqueIdentifier>{fe2f6f12-e1c4-4849-9fa5-ccd188d6f4a1}</UniqueIdentifier>
    </Filter>
    <Filter Include="Header Files\vkg\resources">
      <UniqueIdentifier>{1cffad98-eb65-4771-9770-cca8a7eff121}</UniqueIdentifier>
    </Filter>
    <Filter Include="Header Files\vkg\rendering">
      <UniqueIdentifier>{2e8e3c52-4f21-4990-ad80-4bb1f9fb228d}</UniqueIdentifier>
    </Filter>
    <Filter Include="Header Files\gui">
      <UniqueIdentifier>{8e6a83e9-9d7b-4eef-bd48-02d9c24b062d}</UniqueIdentifier>
    </Filter>
    <Filter Include="Header Files\vkg\shaders">
      <UniqueIdentifier>{b2200053-9a1b-4875-a526-42a3a832f9eb}</UniqueIdentifier>
    </Filter>
    <Filter Include="Header Files\vkg\commands">
      <UniqueIdentifier>{b9571ac3-965d-4a83-8899-e391b947a769}</UniqueIdentifier>
    </Filter>
    <Filter Include="LibrariesSources">
      <UniqueIdentifier>{247fdb86-fd42-426d-8c6b-794dd6f0a3f5}</UniqueIdentifier>
    </Filter>
    <Filter Include="LibrariesSources\DearImGui">
      <UniqueIdentifier>{f7a04712-b6ad-431f-9db1-3d4300cda006}</UniqueIdentifier>
    </Filter>
    <Filter Include="LibrariesSources\ImGuiFileDialog">
      <UniqueIdentifier>{3db73f18-f594-4402-92a0-989e8a058fda}</UniqueIdentifier>
    </Filter>
    <Filter Include="LibrariesSources\ImGuiFileDialog\dirent">
      <UniqueIdentifier>{702b9be7-f2bf-46ba-b1ef-51e15259c055}</UniqueIdentifier>
    </Filter>
    <Filter Include="Header Files\meshes">
      <UniqueIdentifier>{dd99a38c-59fb-400c-b542-3af3ad40f502}</UniqueIdentifier>
    </Filter>
  </ItemGroup>
  <ItemGroup>
    <ClCompile Include="src\main.cpp">
      <Filter>Source Files</Filter>
    </ClCompile>
    <ClCompile Include="src\Engine.cpp">
      <Filter>Source Files</Filter>
    </ClCompile>
    <ClCompile Include="src\graphics\Window.cpp">
      <Filter>Source Files</Filter>
    </ClCompile>
    <ClCompile Include="src\graphics\DebugVk.cpp">
      <Filter>Source Files</Filter>
    </ClCompile>
    <ClCompile Include="src\graphics\AppInstance.cpp">
      <Filter>Source Files</Filter>
    </ClCompile>
    <ClCompile Include="src\utils\vk_mem_alloc.cpp">
      <Filter>Source Files</Filter>
    </ClCompile>
    <ClCompile Include="src\graphics\memory\MemoryManager.cpp">
      <Filter>Source Files</Filter>
    </ClCompile>
    <ClCompile Include="src\graphics\present\SwapChain.cpp">
      <Filter>Source Files</Filter>
    </ClCompile>
    <ClCompile Include="src\graphics\resources\Image2D.cpp">
      <Filter>Source Files</Filter>
    </ClCompile>
    <ClCompile Include="src\graphics\resources\Image.cpp">
      <Filter>Source Files</Filter>
    </ClCompile>
    <ClCompile Include="src\graphics\render\RenderPass.cpp">
      <Filter>Source Files</Filter>
    </ClCompile>
    <ClCompile Include="src\graphics\render\RenderPassBuilder.cpp">
      <Filter>Source Files</Filter>
    </ClCompile>
    <ClCompile Include="src\utils\Fibers\FScheduler.cpp">
      <Filter>Source Files</Filter>
    </ClCompile>
    <ClCompile Include="src\utils\Fibers\Fiber.cpp">
      <Filter>Source Files</Filter>
    </ClCompile>
    <ClCompile Include="src\utils\Fibers\Counter.cpp">
      <Filter>Source Files</Filter>
    </ClCompile>
    <ClCompile Include="src\utils\grjob.cpp">
      <Filter>Source Files</Filter>
    </ClCompile>
    <ClCompile Include="src\graphics\render\PipelineBuilder.cpp">
      <Filter>Source Files</Filter>
    </ClCompile>
    <ClCompile Include="src\graphics\render\GraphicsPipelineBuilder.cpp">
      <Filter>Source Files</Filter>
    </ClCompile>
    <ClCompile Include="src\gui\Gui.cpp">
      <Filter>Source Files</Filter>
    </ClCompile>
    <ClCompile Include="src\graphics\shaders\VertexInputDescription.cpp">
      <Filter>Source Files</Filter>
    </ClCompile>
    <ClCompile Include="src\graphics\resources\Buffer.cpp">
      <Filter>Source Files</Filter>
    </ClCompile>
    <ClCompile Include="src\graphics\resources\DescriptorManager.cpp">
      <Filter>Source Files</Filter>
    </ClCompile>
    <ClCompile Include="src\dependencies\stbi_image.cpp">
      <Filter>Source Files</Filter>
    </ClCompile>
    <ClCompile Include="src\graphics\RenderContext.cpp">
      <Filter>Source Files</Filter>
    </ClCompile>
    <ClCompile Include="src\control\FrameContext.cpp">
      <Filter>Source Files</Filter>
    </ClCompile>
    <ClCompile Include="src\graphics\command\ResetCommandPool.cpp">
      <Filter>Source Files</Filter>
    </ClCompile>
    <ClCompile Include="src\graphics\command\CommandFlusher.cpp">
      <Filter>Source Files</Filter>
    </ClCompile>
    <ClCompile Include="src\graphics\memory\BufferTransferer.cpp">
      <Filter>Source Files</Filter>
    </ClCompile>
    <ClCompile Include="src\graphics\command\FreeCommandPool.cpp">
      <Filter>Source Files</Filter>
    </ClCompile>
    <ClCompile Include="src\control\GlobalContext.cpp">
      <Filter>Source Files</Filter>
    </ClCompile>
    <ClCompile Include="src_lib\imgui\imgui_tables.cpp">
      <Filter>LibrariesSources\DearImGui</Filter>
    </ClCompile>
    <ClCompile Include="src_lib\imgui\imgui_widgets.cpp">
      <Filter>LibrariesSources\DearImGui</Filter>
    </ClCompile>
    <ClCompile Include="src_lib\imgui\imgui.cpp">
      <Filter>LibrariesSources\DearImGui</Filter>
    </ClCompile>
    <ClCompile Include="src_lib\imgui\imgui_demo.cpp">
      <Filter>LibrariesSources\DearImGui</Filter>
    </ClCompile>
    <ClCompile Include="src_lib\imgui\imgui_draw.cpp">
      <Filter>LibrariesSources\DearImGui</Filter>
    </ClCompile>
    <ClCompile Include="src_lib\imgui\imgui_impl_glfw.cpp">
      <Filter>LibrariesSources\DearImGui</Filter>
    </ClCompile>
    <ClCompile Include="src_lib\imgui\imgui_impl_vulkan.cpp">
      <Filter>LibrariesSources\DearImGui</Filter>
    </ClCompile>
    <ClCompile Include="src_lib\ImGuiFileDialog\ImGuiFileDialog.cpp">
      <Filter>LibrariesSources\ImGuiFileDialog</Filter>
    </ClCompile>
    <ClCompile Include="src\dependencies\tiny_obj_loader.cpp">
      <Filter>Source Files</Filter>
    </ClCompile>
    <ClCompile Include="src\meshes\Mesh.cpp">
      <Filter>Source Files</Filter>
    </ClCompile>
    <ClCompile Include="src\meshes\ResourceDictionary.cpp">
      <Filter>Source Files</Filter>
    </ClCompile>
    <ClCompile Include="src\meshes\Texture.cpp">
      <Filter>Source Files</Filter>
    </ClCompile>
    <ClCompile Include="src\utils\grTools.cpp">
      <Filter>Source Files</Filter>
    </ClCompile>
    <ClCompile Include="src\meshes\Sampler.cpp">
      <Filter>Source Files</Filter>
    </ClCompile>
    <ClCompile Include="src\meshes\DescriptorSetLayout.cpp">
      <Filter>Source Files</Filter>
    </ClCompile>
    <ClCompile Include="src\meshes\IObject.cpp">
      <Filter>Source Files</Filter>
    </ClCompile>
    <ClCompile Include="src\meshes\Material.cpp">
      <Filter>Source Files</Filter>
    </ClCompile>
    <ClCompile Include="src\meshes\Shader.cpp">
      <Filter>Source Files</Filter>
    </ClCompile>
    <ClCompile Include="src\meshes\Pipeline.cpp">
      <Filter>Source Files</Filter>
    </ClCompile>
  </ItemGroup>
  <ItemGroup>
    <ClInclude Include="src\Engine.h">
      <Filter>Header Files</Filter>
    </ClInclude>
    <ClInclude Include="src\graphics\AppInstance.h">
      <Filter>Header Files\vkg</Filter>
    </ClInclude>
    <ClInclude Include="src\graphics\DebugVk.h">
      <Filter>Header Files\vkg</Filter>
    </ClInclude>
    <ClInclude Include="src\graphics\Window.h">
      <Filter>Header Files\vkg</Filter>
    </ClInclude>
    <ClInclude Include="src\graphics\memory\MemoryManager.h">
      <Filter>Header Files\vkg</Filter>
    </ClInclude>
    <ClInclude Include="src\graphics\present\SwapChain.h">
      <Filter>Header Files\vkg</Filter>
    </ClInclude>
    <ClInclude Include="src\utils\Fibers\FScheduler.h">
      <Filter>Header Files\grjob\Fibers</Filter>
    </ClInclude>
    <ClInclude Include="src\utils\Fibers\Fiber.h">
      <Filter>Header Files\grjob\Fibers</Filter>
    </ClInclude>
    <ClInclude Include="src\utils\Fibers\Job.h">
      <Filter>Header Files\grjob\Fibers</Filter>
    </ClInclude>
    <ClInclude Include="src\utils\Fibers\Counter.h">
      <Filter>Header Files\grjob\Fibers</Filter>
    </ClInclude>
    <ClInclude Include="src\utils\ConstExprHelp.h">
      <Filter>Header Files\tools</Filter>
    </ClInclude>
    <ClInclude Include="src\utils\grjob.h">
      <Filter>Header Files\grjob</Filter>
    </ClInclude>
    <ClInclude Include="src\graphics\resources\Image.h">
      <Filter>Header Files\vkg\resources</Filter>
    </ClInclude>
    <ClInclude Include="src\graphics\resources\Image2D.h">
      <Filter>Header Files\vkg\resources</Filter>
    </ClInclude>
    <ClInclude Include="src\graphics\render\GraphicsPipelineBuilder.h">
      <Filter>Header Files\vkg\rendering</Filter>
    </ClInclude>
    <ClInclude Include="src\graphics\render\PipelineBuilder.h">
      <Filter>Header Files\vkg\rendering</Filter>
    </ClInclude>
    <ClInclude Include="src\graphics\render\RenderPassBuilder.h">
      <Filter>Header Files\vkg\rendering</Filter>
    </ClInclude>
    <ClInclude Include="src\graphics\render\RenderPass.h">
      <Filter>Header Files\vkg\rendering</Filter>
    </ClInclude>
    <ClInclude Include="src\graphics\render\GraphicsPipelineBuilder.h">
      <Filter>Header Files</Filter>
    </ClInclude>
    <ClInclude Include="src\gui\Gui.h">
      <Filter>Header Files\gui</Filter>
    </ClInclude>
    <ClInclude Include="src\graphics\shaders\VertexInputDescription.h">
      <Filter>Header Files\vkg\shaders</Filter>
    </ClInclude>
    <ClInclude Include="src\graphics\resources\Allocatable.h">
      <Filter>Header Files\vkg\resources</Filter>
    </ClInclude>
    <ClInclude Include="src\graphics\resources\Buffer.h">
      <Filter>Header Files\vkg\resources</Filter>
    </ClInclude>
    <ClInclude Include="src\graphics\resources\DescriptorManager.h">
      <Filter>Header Files\vkg\resources</Filter>
    </ClInclude>
    <ClInclude Include="src\control\FrameContext.h">
      <Filter>Header Files</Filter>
    </ClInclude>
    <ClInclude Include="src\graphics\RenderContext.h">
      <Filter>Header Files\vkg</Filter>
    </ClInclude>
    <ClInclude Include="src\graphics\command\ResetCommandPool.h">
      <Filter>Header Files\vkg\commands</Filter>
    </ClInclude>
    <ClInclude Include="src\graphics\command\FreeCommandPool.h">
      <Filter>Header Files\vkg\commands</Filter>
    </ClInclude>
    <ClInclude Include="src\graphics\memory\BufferTransferer.h">
      <Filter>Header Files\vkg\resources</Filter>
    </ClInclude>
    <ClInclude Include="src\graphics\command\CommandFlusher.h">
      <Filter>Header Files\vkg\commands</Filter>
    </ClInclude>
    <ClInclude Include="src\control\GlobalContext.h">
      <Filter>Header Files</Filter>
    </ClInclude>
    <ClInclude Include="src_lib\imgui\imgui_impl_vulkan.h">
      <Filter>LibrariesSources\DearImGui</Filter>
    </ClInclude>
    <ClInclude Include="src_lib\imgui\imgui_internal.h">
      <Filter>LibrariesSources\DearImGui</Filter>
    </ClInclude>
    <ClInclude Include="src_lib\imgui\imstb_rectpack.h">
      <Filter>LibrariesSources\DearImGui</Filter>
    </ClInclude>
    <ClInclude Include="src_lib\imgui\imstb_textedit.h">
      <Filter>LibrariesSources\DearImGui</Filter>
    </ClInclude>
    <ClInclude Include="src_lib\imgui\imstb_truetype.h">
      <Filter>LibrariesSources\DearImGui</Filter>
    </ClInclude>
    <ClInclude Include="src_lib\imgui\imconfig.h">
      <Filter>LibrariesSources\DearImGui</Filter>
    </ClInclude>
    <ClInclude Include="src_lib\imgui\imgui.h">
      <Filter>LibrariesSources\DearImGui</Filter>
    </ClInclude>
    <ClInclude Include="src_lib\imgui\imgui_impl_glfw.h">
      <Filter>LibrariesSources\DearImGui</Filter>
    </ClInclude>
    <ClInclude Include="src_lib\ImGuiFileDialog\ImGuiFileDialog.h">
      <Filter>LibrariesSources\ImGuiFileDialog</Filter>
    </ClInclude>
    <ClInclude Include="src_lib\ImGuiFileDialog\ImGuiFileDialogConfig.h">
      <Filter>LibrariesSources\ImGuiFileDialog</Filter>
    </ClInclude>
    <ClInclude Include="src_lib\ImGuiFileDialog\dirent\dirent.h">
      <Filter>LibrariesSources\ImGuiFileDialog\dirent</Filter>
    </ClInclude>
    <ClInclude Include="src\meshes\Mesh.h">
      <Filter>Header Files\meshes</Filter>
    </ClInclude>
    <ClInclude Include="src\utils\grTools.h">
      <Filter>Header Files\tools</Filter>
    </ClInclude>
    <ClInclude Include="src\meshes\Texture.h">
      <Filter>Header Files\meshes</Filter>
    </ClInclude>
    <ClInclude Include="src\meshes\Sampler.h">
      <Filter>Header Files\meshes</Filter>
    </ClInclude>
    <ClInclude Include="src\meshes\ResourceDictionary.h">
      <Filter>Header Files\meshes</Filter>
    </ClInclude>
    <ClInclude Include="src\meshes\IObject.h">
      <Filter>Header Files\meshes</Filter>
    </ClInclude>
    <ClInclude Include="src\meshes\ResourcesHeader.h">
      <Filter>Header Files\meshes</Filter>
    </ClInclude>
    <ClInclude Include="src\meshes\DescriptorSetLayout.h">
      <Filter>Header Files\meshes</Filter>
    </ClInclude>
    <ClInclude Include="src\meshes\Material.h">
      <Filter>Header Files\meshes</Filter>
    </ClInclude>
    <ClInclude Include="src\meshes\Shader.h">
      <Filter>Header Files\meshes</Filter>
    </ClInclude>
    <ClInclude Include="src\meshes\Pipeline.h">
      <Filter>Header Files\meshes</Filter>
    </ClInclude>
  </ItemGroup>
</Project>